// !$*UTF8*$!
{
	archiveVersion = 1;
	classes = {
	};
	objectVersion = 50;
	objects = {

/* Begin PBXBuildFile section */
		550BFCB82358F53200845131 /* AppDelegate.swift in Sources */ = {isa = PBXBuildFile; fileRef = 550BFCB72358F53200845131 /* AppDelegate.swift */; };
		550BFCBA2358F53200845131 /* SceneDelegate.swift in Sources */ = {isa = PBXBuildFile; fileRef = 550BFCB92358F53200845131 /* SceneDelegate.swift */; };
		550BFCBC2358F53200845131 /* ViewController.swift in Sources */ = {isa = PBXBuildFile; fileRef = 550BFCBB2358F53200845131 /* ViewController.swift */; };
		550BFCBF2358F53200845131 /* Main.storyboard in Resources */ = {isa = PBXBuildFile; fileRef = 550BFCBD2358F53200845131 /* Main.storyboard */; };
		550BFCC12358F53600845131 /* Assets.xcassets in Resources */ = {isa = PBXBuildFile; fileRef = 550BFCC02358F53600845131 /* Assets.xcassets */; };
		550BFCC42358F53600845131 /* LaunchScreen.storyboard in Resources */ = {isa = PBXBuildFile; fileRef = 550BFCC22358F53600845131 /* LaunchScreen.storyboard */; };
		550BFCCF2358F53700845131 /* WeatherProjectTests.swift in Sources */ = {isa = PBXBuildFile; fileRef = 550BFCCE2358F53700845131 /* WeatherProjectTests.swift */; };
		550BFCDC2359184600845131 /* PersistenceHelper.swift in Sources */ = {isa = PBXBuildFile; fileRef = 550BFCDB2359184600845131 /* PersistenceHelper.swift */; };
		550BFCE023591A9C00845131 /* WeatherCell.swift in Sources */ = {isa = PBXBuildFile; fileRef = 550BFCDF23591A9C00845131 /* WeatherCell.swift */; };
/* End PBXBuildFile section */

/* Begin PBXContainerItemProxy section */
		550BFCCB2358F53700845131 /* PBXContainerItemProxy */ = {
			isa = PBXContainerItemProxy;
			containerPortal = 550BFCAC2358F53200845131 /* Project object */;
			proxyType = 1;
			remoteGlobalIDString = 550BFCB32358F53200845131;
			remoteInfo = WeatherProject;
		};
/* End PBXContainerItemProxy section */

/* Begin PBXFileReference section */
		550BFCB42358F53200845131 /* WeatherProject.app */ = {isa = PBXFileReference; explicitFileType = wrapper.application; includeInIndex = 0; path = WeatherProject.app; sourceTree = BUILT_PRODUCTS_DIR; };
		550BFCB72358F53200845131 /* AppDelegate.swift */ = {isa = PBXFileReference; lastKnownFileType = sourcecode.swift; path = AppDelegate.swift; sourceTree = "<group>"; };
		550BFCB92358F53200845131 /* SceneDelegate.swift */ = {isa = PBXFileReference; lastKnownFileType = sourcecode.swift; path = SceneDelegate.swift; sourceTree = "<group>"; };
		550BFCBB2358F53200845131 /* ViewController.swift */ = {isa = PBXFileReference; lastKnownFileType = sourcecode.swift; path = ViewController.swift; sourceTree = "<group>"; };
		550BFCBE2358F53200845131 /* Base */ = {isa = PBXFileReference; lastKnownFileType = file.storyboard; name = Base; path = Base.lproj/Main.storyboard; sourceTree = "<group>"; };
		550BFCC02358F53600845131 /* Assets.xcassets */ = {isa = PBXFileReference; lastKnownFileType = folder.assetcatalog; path = Assets.xcassets; sourceTree = "<group>"; };
		550BFCC32358F53600845131 /* Base */ = {isa = PBXFileReference; lastKnownFileType = file.storyboard; name = Base; path = Base.lproj/LaunchScreen.storyboard; sourceTree = "<group>"; };
		550BFCC52358F53600845131 /* Info.plist */ = {isa = PBXFileReference; lastKnownFileType = text.plist.xml; path = Info.plist; sourceTree = "<group>"; };
		550BFCCA2358F53700845131 /* WeatherProjectTests.xctest */ = {isa = PBXFileReference; explicitFileType = wrapper.cfbundle; includeInIndex = 0; path = WeatherProjectTests.xctest; sourceTree = BUILT_PRODUCTS_DIR; };
		550BFCCE2358F53700845131 /* WeatherProjectTests.swift */ = {isa = PBXFileReference; lastKnownFileType = sourcecode.swift; path = WeatherProjectTests.swift; sourceTree = "<group>"; };
		550BFCD02358F53700845131 /* Info.plist */ = {isa = PBXFileReference; lastKnownFileType = text.plist.xml; path = Info.plist; sourceTree = "<group>"; };
		550BFCDB2359184600845131 /* PersistenceHelper.swift */ = {isa = PBXFileReference; lastKnownFileType = sourcecode.swift; path = PersistenceHelper.swift; sourceTree = "<group>"; };
		550BFCDF23591A9C00845131 /* WeatherCell.swift */ = {isa = PBXFileReference; lastKnownFileType = sourcecode.swift; path = WeatherCell.swift; sourceTree = "<group>"; };
/* End PBXFileReference section */

/* Begin PBXFrameworksBuildPhase section */
		550BFCB12358F53200845131 /* Frameworks */ = {
			isa = PBXFrameworksBuildPhase;
			buildActionMask = 2147483647;
			files = (
			);
			runOnlyForDeploymentPostprocessing = 0;
		};
		550BFCC72358F53700845131 /* Frameworks */ = {
			isa = PBXFrameworksBuildPhase;
			buildActionMask = 2147483647;
			files = (
			);
			runOnlyForDeploymentPostprocessing = 0;
		};
/* End PBXFrameworksBuildPhase section */

/* Begin PBXGroup section */
		550BFCAB2358F53200845131 = {
			isa = PBXGroup;
			children = (
				550BFCB62358F53200845131 /* WeatherProject */,
				550BFCCD2358F53700845131 /* WeatherProjectTests */,
				550BFCB52358F53200845131 /* Products */,
			);
			sourceTree = "<group>";
		};
		550BFCB52358F53200845131 /* Products */ = {
			isa = PBXGroup;
			children = (
				550BFCB42358F53200845131 /* WeatherProject.app */,
				550BFCCA2358F53700845131 /* WeatherProjectTests.xctest */,
			);
			name = Products;
			sourceTree = "<group>";
		};
		550BFCB62358F53200845131 /* WeatherProject */ = {
			isa = PBXGroup;
			children = (
				550BFCDB2359184600845131 /* PersistenceHelper.swift */,
				550BFCB72358F53200845131 /* AppDelegate.swift */,
				550BFCDF23591A9C00845131 /* WeatherCell.swift */,
				550BFCB92358F53200845131 /* SceneDelegate.swift */,
				550BFCBB2358F53200845131 /* ViewController.swift */,
				550BFCBD2358F53200845131 /* Main.storyboard */,
				550BFCC02358F53600845131 /* Assets.xcassets */,
				550BFCC22358F53600845131 /* LaunchScreen.storyboard */,
				550BFCC52358F53600845131 /* Info.plist */,
			);
			path = WeatherProject;
			sourceTree = "<group>";
		};
		550BFCCD2358F53700845131 /* WeatherProjectTests */ = {
			isa = PBXGroup;
			children = (
				550BFCCE2358F53700845131 /* WeatherProjectTests.swift */,
				550BFCD02358F53700845131 /* Info.plist */,
			);
			path = WeatherProjectTests;
			sourceTree = "<group>";
		};
/* End PBXGroup section */

/* Begin PBXNativeTarget section */
		550BFCB32358F53200845131 /* WeatherProject */ = {
			isa = PBXNativeTarget;
			buildConfigurationList = 550BFCD32358F53700845131 /* Build configuration list for PBXNativeTarget "WeatherProject" */;
			buildPhases = (
				550BFCB02358F53200845131 /* Sources */,
				550BFCB12358F53200845131 /* Frameworks */,
				550BFCB22358F53200845131 /* Resources */,
			);
			buildRules = (
			);
			dependencies = (
			);
			name = WeatherProject;
			productName = WeatherProject;
			productReference = 550BFCB42358F53200845131 /* WeatherProject.app */;
			productType = "com.apple.product-type.application";
		};
		550BFCC92358F53700845131 /* WeatherProjectTests */ = {
			isa = PBXNativeTarget;
			buildConfigurationList = 550BFCD62358F53700845131 /* Build configuration list for PBXNativeTarget "WeatherProjectTests" */;
			buildPhases = (
				550BFCC62358F53700845131 /* Sources */,
				550BFCC72358F53700845131 /* Frameworks */,
				550BFCC82358F53700845131 /* Resources */,
			);
			buildRules = (
			);
			dependencies = (
				550BFCCC2358F53700845131 /* PBXTargetDependency */,
			);
			name = WeatherProjectTests;
			productName = WeatherProjectTests;
			productReference = 550BFCCA2358F53700845131 /* WeatherProjectTests.xctest */;
			productType = "com.apple.product-type.bundle.unit-test";
		};
/* End PBXNativeTarget section */

/* Begin PBXProject section */
		550BFCAC2358F53200845131 /* Project object */ = {
			isa = PBXProject;
			attributes = {
				LastSwiftUpdateCheck = 1100;
				LastUpgradeCheck = 1100;
				ORGANIZATIONNAME = "Neema Philippe";
				TargetAttributes = {
					550BFCB32358F53200845131 = {
						CreatedOnToolsVersion = 11.0;
					};
					550BFCC92358F53700845131 = {
						CreatedOnToolsVersion = 11.0;
						TestTargetID = 550BFCB32358F53200845131;
					};
				};
			};
			buildConfigurationList = 550BFCAF2358F53200845131 /* Build configuration list for PBXProject "WeatherProject" */;
			compatibilityVersion = "Xcode 9.3";
			developmentRegion = en;
			hasScannedForEncodings = 0;
			knownRegions = (
				en,
				Base,
			);
			mainGroup = 550BFCAB2358F53200845131;
			productRefGroup = 550BFCB52358F53200845131 /* Products */;
			projectDirPath = "";
			projectRoot = "";
			targets = (
				550BFCB32358F53200845131 /* WeatherProject */,
				550BFCC92358F53700845131 /* WeatherProjectTests */,
			);
		};
/* End PBXProject section */

/* Begin PBXResourcesBuildPhase section */
		550BFCB22358F53200845131 /* Resources */ = {
			isa = PBXResourcesBuildPhase;
			buildActionMask = 2147483647;
			files = (
				550BFCC42358F53600845131 /* LaunchScreen.storyboard in Resources */,
				550BFCC12358F53600845131 /* Assets.xcassets in Resources */,
				550BFCBF2358F53200845131 /* Main.storyboard in Resources */,
			);
			runOnlyForDeploymentPostprocessing = 0;
		};
		550BFCC82358F53700845131 /* Resources */ = {
			isa = PBXResourcesBuildPhase;
			buildActionMask = 2147483647;
			files = (
			);
			runOnlyForDeploymentPostprocessing = 0;
		};
/* End PBXResourcesBuildPhase section */

/* Begin PBXSourcesBuildPhase section */
		550BFCB02358F53200845131 /* Sources */ = {
			isa = PBXSourcesBuildPhase;
			buildActionMask = 2147483647;
			files = (
				550BFCBC2358F53200845131 /* ViewController.swift in Sources */,
				550BFCB82358F53200845131 /* AppDelegate.swift in Sources */,
				550BFCE023591A9C00845131 /* WeatherCell.swift in Sources */,
				550BFCBA2358F53200845131 /* SceneDelegate.swift in Sources */,
				550BFCDC2359184600845131 /* PersistenceHelper.swift in Sources */,
			);
			runOnlyForDeploymentPostprocessing = 0;
		};
		550BFCC62358F53700845131 /* Sources */ = {
			isa = PBXSourcesBuildPhase;
			buildActionMask = 2147483647;
			files = (
				550BFCCF2358F53700845131 /* WeatherProjectTests.swift in Sources */,
			);
			runOnlyForDeploymentPostprocessing = 0;
		};
/* End PBXSourcesBuildPhase section */

/* Begin PBXTargetDependency section */
		550BFCCC2358F53700845131 /* PBXTargetDependency */ = {
			isa = PBXTargetDependency;
			target = 550BFCB32358F53200845131 /* WeatherProject */;
			targetProxy = 550BFCCB2358F53700845131 /* PBXContainerItemProxy */;
		};
/* End PBXTargetDependency section */

/* Begin PBXVariantGroup section */
		550BFCBD2358F53200845131 /* Main.storyboard */ = {
			isa = PBXVariantGroup;
			children = (
				550BFCBE2358F53200845131 /* Base */,
			);
			name = Main.storyboard;
			sourceTree = "<group>";
		};
		550BFCC22358F53600845131 /* LaunchScreen.storyboard */ = {
			isa = PBXVariantGroup;
			children = (
				550BFCC32358F53600845131 /* Base */,
			);
			name = LaunchScreen.storyboard;
			sourceTree = "<group>";
		};
/* End PBXVariantGroup section */

/* Begin XCBuildConfiguration section */
		550BFCD12358F53700845131 /* Debug */ = {
			isa = XCBuildConfiguration;
			buildSettings = {
				ALWAYS_SEARCH_USER_PATHS = NO;
				CLANG_ANALYZER_NONNULL = YES;
				CLANG_ANALYZER_NUMBER_OBJECT_CONVERSION = YES_AGGRESSIVE;
				CLANG_CXX_LANGUAGE_STANDARD = "gnu++14";
				CLANG_CXX_LIBRARY = "libc++";
				CLANG_ENABLE_MODULES = YES;
				CLANG_ENABLE_OBJC_ARC = YES;
				CLANG_ENABLE_OBJC_WEAK = YES;
				CLANG_WARN_BLOCK_CAPTURE_AUTORELEASING = YES;
				CLANG_WARN_BOOL_CONVERSION = YES;
				CLANG_WARN_COMMA = YES;
				CLANG_WARN_CONSTANT_CONVERSION = YES;
				CLANG_WARN_DEPRECATED_OBJC_IMPLEMENTATIONS = YES;
				CLANG_WARN_DIRECT_OBJC_ISA_USAGE = YES_ERROR;
				CLANG_WARN_DOCUMENTATION_COMMENTS = YES;
				CLANG_WARN_EMPTY_BODY = YES;
				CLANG_WARN_ENUM_CONVERSION = YES;
				CLANG_WARN_INFINITE_RECURSION = YES;
				CLANG_WARN_INT_CONVERSION = YES;
				CLANG_WARN_NON_LITERAL_NULL_CONVERSION = YES;
				CLANG_WARN_OBJC_IMPLICIT_RETAIN_SELF = YES;
				CLANG_WARN_OBJC_LITERAL_CONVERSION = YES;
				CLANG_WARN_OBJC_ROOT_CLASS = YES_ERROR;
				CLANG_WARN_RANGE_LOOP_ANALYSIS = YES;
				CLANG_WARN_STRICT_PROTOTYPES = YES;
				CLANG_WARN_SUSPICIOUS_MOVE = YES;
				CLANG_WARN_UNGUARDED_AVAILABILITY = YES_AGGRESSIVE;
				CLANG_WARN_UNREACHABLE_CODE = YES;
				CLANG_WARN__DUPLICATE_METHOD_MATCH = YES;
				COPY_PHASE_STRIP = NO;
				DEBUG_INFORMATION_FORMAT = dwarf;
				ENABLE_STRICT_OBJC_MSGSEND = YES;
				ENABLE_TESTABILITY = YES;
				GCC_C_LANGUAGE_STANDARD = gnu11;
				GCC_DYNAMIC_NO_PIC = NO;
				GCC_NO_COMMON_BLOCKS = YES;
				GCC_OPTIMIZATION_LEVEL = 0;
				GCC_PREPROCESSOR_DEFINITIONS = (
					"DEBUG=1",
					"$(inherited)",
				);
				GCC_WARN_64_TO_32_BIT_CONVERSION = YES;
				GCC_WARN_ABOUT_RETURN_TYPE = YES_ERROR;
				GCC_WARN_UNDECLARED_SELECTOR = YES;
				GCC_WARN_UNINITIALIZED_AUTOS = YES_AGGRESSIVE;
				GCC_WARN_UNUSED_FUNCTION = YES;
				GCC_WARN_UNUSED_VARIABLE = YES;
				IPHONEOS_DEPLOYMENT_TARGET = 13.0;
				MTL_ENABLE_DEBUG_INFO = INCLUDE_SOURCE;
				MTL_FAST_MATH = YES;
				ONLY_ACTIVE_ARCH = YES;
				SDKROOT = iphoneos;
				SWIFT_ACTIVE_COMPILATION_CONDITIONS = DEBUG;
				SWIFT_OPTIMIZATION_LEVEL = "-Onone";
			};
			name = Debug;
		};
		550BFCD22358F53700845131 /* Release */ = {
			isa = XCBuildConfiguration;
			buildSettings = {
				ALWAYS_SEARCH_USER_PATHS = NO;
				CLANG_ANALYZER_NONNULL = YES;
				CLANG_ANALYZER_NUMBER_OBJECT_CONVERSION = YES_AGGRESSIVE;
				CLANG_CXX_LANGUAGE_STANDARD = "gnu++14";
				CLANG_CXX_LIBRARY = "libc++";
				CLANG_ENABLE_MODULES = YES;
				CLANG_ENABLE_OBJC_ARC = YES;
				CLANG_ENABLE_OBJC_WEAK = YES;
				CLANG_WARN_BLOCK_CAPTURE_AUTORELEASING = YES;
				CLANG_WARN_BOOL_CONVERSION = YES;
				CLANG_WARN_COMMA = YES;
				CLANG_WARN_CONSTANT_CONVERSION = YES;
				CLANG_WARN_DEPRECATED_OBJC_IMPLEMENTATIONS = YES;
				CLANG_WARN_DIRECT_OBJC_ISA_USAGE = YES_ERROR;
				CLANG_WARN_DOCUMENTATION_COMMENTS = YES;
				CLANG_WARN_EMPTY_BODY = YES;
				CLANG_WARN_ENUM_CONVERSION = YES;
				CLANG_WARN_INFINITE_RECURSION = YES;
				CLANG_WARN_INT_CONVERSION = YES;
				CLANG_WARN_NON_LITERAL_NULL_CONVERSION = YES;
				CLANG_WARN_OBJC_IMPLICIT_RETAIN_SELF = YES;
				CLANG_WARN_OBJC_LITERAL_CONVERSION = YES;
				CLANG_WARN_OBJC_ROOT_CLASS = YES_ERROR;
				CLANG_WARN_RANGE_LOOP_ANALYSIS = YES;
				CLANG_WARN_STRICT_PROTOTYPES = YES;
				CLANG_WARN_SUSPICIOUS_MOVE = YES;
				CLANG_WARN_UNGUARDED_AVAILABILITY = YES_AGGRESSIVE;
				CLANG_WARN_UNREACHABLE_CODE = YES;
				CLANG_WARN__DUPLICATE_METHOD_MATCH = YES;
				COPY_PHASE_STRIP = NO;
				DEBUG_INFORMATION_FORMAT = "dwarf-with-dsym";
				ENABLE_NS_ASSERTIONS = NO;
				ENABLE_STRICT_OBJC_MSGSEND = YES;
				GCC_C_LANGUAGE_STANDARD = gnu11;
				GCC_NO_COMMON_BLOCKS = YES;
				GCC_WARN_64_TO_32_BIT_CONVERSION = YES;
				GCC_WARN_ABOUT_RETURN_TYPE = YES_ERROR;
				GCC_WARN_UNDECLARED_SELECTOR = YES;
				GCC_WARN_UNINITIALIZED_AUTOS = YES_AGGRESSIVE;
				GCC_WARN_UNUSED_FUNCTION = YES;
				GCC_WARN_UNUSED_VARIABLE = YES;
				IPHONEOS_DEPLOYMENT_TARGET = 13.0;
				MTL_ENABLE_DEBUG_INFO = NO;
				MTL_FAST_MATH = YES;
				SDKROOT = iphoneos;
				SWIFT_COMPILATION_MODE = wholemodule;
				SWIFT_OPTIMIZATION_LEVEL = "-O";
				VALIDATE_PRODUCT = YES;
			};
			name = Release;
		};
		550BFCD42358F53700845131 /* Debug */ = {
			isa = XCBuildConfiguration;
			buildSettings = {
				ASSETCATALOG_COMPILER_APPICON_NAME = AppIcon;
				CODE_SIGN_STYLE = Automatic;
				INFOPLIST_FILE = WeatherProject/Info.plist;
				LD_RUNPATH_SEARCH_PATHS = (
					"$(inherited)",
					"@executable_path/Frameworks",
				);
				PRODUCT_BUNDLE_IDENTIFIER = Unit4.WeatherProject;
				PRODUCT_NAME = "$(TARGET_NAME)";
				SWIFT_VERSION = 5.0;
				TARGETED_DEVICE_FAMILY = "1,2";
			};
			name = Debug;
		};
		550BFCD52358F53700845131 /* Release */ = {
			isa = XCBuildConfiguration;
			buildSettings = {
				ASSETCATALOG_COMPILER_APPICON_NAME = AppIcon;
				CODE_SIGN_STYLE = Automatic;
				INFOPLIST_FILE = WeatherProject/Info.plist;
				LD_RUNPATH_SEARCH_PATHS = (
					"$(inherited)",
					"@executable_path/Frameworks",
				);
				PRODUCT_BUNDLE_IDENTIFIER = Unit4.WeatherProject;
				PRODUCT_NAME = "$(TARGET_NAME)";
				SWIFT_VERSION = 5.0;
				TARGETED_DEVICE_FAMILY = "1,2";
			};
			name = Release;
		};
		550BFCD72358F53700845131 /* Debug */ = {
			isa = XCBuildConfiguration;
			buildSettings = {
				ALWAYS_EMBED_SWIFT_STANDARD_LIBRARIES = YES;
				BUNDLE_LOADER = "$(TEST_HOST)";
				CODE_SIGN_STYLE = Automatic;
				INFOPLIST_FILE = WeatherProjectTests/Info.plist;
				IPHONEOS_DEPLOYMENT_TARGET = 13.0;
				LD_RUNPATH_SEARCH_PATHS = (
					"$(inherited)",
					"@executable_path/Frameworks",
					"@loader_path/Frameworks",
				);
				PRODUCT_BUNDLE_IDENTIFIER = Unit4.WeatherProjectTests;
				PRODUCT_NAME = "$(TARGET_NAME)";
				SWIFT_VERSION = 5.0;
				TARGETED_DEVICE_FAMILY = "1,2";
				TEST_HOST = "$(BUILT_PRODUCTS_DIR)/WeatherProject.app/WeatherProject";
			};
			name = Debug;
		};
		550BFCD82358F53700845131 /* Release */ = {
			isa = XCBuildConfiguration;
			buildSettings = {
				ALWAYS_EMBED_SWIFT_STANDARD_LIBRARIES = YES;
				BUNDLE_LOADER = "$(TEST_HOST)";
				CODE_SIGN_STYLE = Automatic;
				INFOPLIST_FILE = WeatherProjectTests/Info.plist;
				IPHONEOS_DEPLOYMENT_TARGET = 13.0;
				LD_RUNPATH_SEARCH_PATHS = (
					"$(inherited)",
					"@executable_path/Frameworks",
					"@loader_path/Frameworks",
				);
				PRODUCT_BUNDLE_IDENTIFIER = Unit4.WeatherProjectTests;
				PRODUCT_NAME = "$(TARGET_NAME)";
				SWIFT_VERSION = 5.0;
				TARGETED_DEVICE_FAMILY = "1,2";
				TEST_HOST = "$(BUILT_PRODUCTS_DIR)/WeatherProject.app/WeatherProject";
			};
			name = Release;
		};
/* End XCBuildConfiguration section */

/* Begin XCConfigurationList section */
		550BFCAF2358F53200845131 /* Build configuration list for PBXProject "WeatherProject" */ = {
			isa = XCConfigurationList;
			buildConfigurations = (
				550BFCD12358F53700845131 /* Debug */,
				550BFCD22358F53700845131 /* Release */,
			);
			defaultConfigurationIsVisible = 0;
			defaultConfigurationName = Release;
		};
		550BFCD32358F53700845131 /* Build configuration list for PBXNativeTarget "WeatherProject" */ = {
			isa = XCConfigurationList;
			buildConfigurations = (
				550BFCD42358F53700845131 /* Debug */,
				550BFCD52358F53700845131 /* Release */,
			);
			defaultConfigurationIsVisible = 0;
			defaultConfigurationName = Release;
		};
		550BFCD62358F53700845131 /* Build configuration list for PBXNativeTarget "WeatherProjectTests" */ = {
			isa = XCConfigurationList;
			buildConfigurations = (
				550BFCD72358F53700845131 /* Debug */,
				550BFCD82358F53700845131 /* Release */,
			);
			defaultConfigurationIsVisible = 0;
			defaultConfigurationName = Release;
		};
/* End XCConfigurationList section */
	};
	rootObject = 550BFCAC2358F53200845131 /* Project object */;
}
